{
  "name": "@heymarco/container",
  "version": "1.0.4",
  "lockfileVersion": 1,
  "requires": true,
  "dependencies": {
    "@heymarco/media-breakpoints": {
      "version": "1.0.2",
      "resolved": "https://registry.npmjs.org/@heymarco/media-breakpoints/-/media-breakpoints-1.0.2.tgz",
      "integrity": "sha512-Y0fl0vu9TndH+iDtRfqwfa/On/97v45KoBRNqj9q864LDGaQiyNEnOKNPrvNBd0VPJDyEEumTYkUzNTGVQ42xg==",
      "requires": {
        "bootstrap": "^4.5.3"
      }
    },
    "@heymarco/scss-utils": {
      "version": "1.0.1",
      "resolved": "https://registry.npmjs.org/@heymarco/scss-utils/-/scss-utils-1.0.1.tgz",
      "integrity": "sha512-atCvqyKCC0lwiIbWZ2oTj+v0AkL4LUSUiT/XQ4CB0DxcgVLgy5If9sEDz8U53o2XTQM0gZyD0VRvqxSjhMhbcw=="
    },
    "bootstrap": {
      "version": "4.5.3",
      "resolved": "https://registry.npmjs.org/bootstrap/-/bootstrap-4.5.3.tgz",
      "integrity": "sha512-o9ppKQioXGqhw8Z7mah6KdTYpNQY//tipnkxppWhPbiSWdD+1raYsnhwEZjkTHYbGee4cVQ0Rx65EhOY/HNLcQ=="
    }
  }
}
