{
  "name": "@heymarco/container",
  "version": "1.0.0",
  "lockfileVersion": 1,
  "requires": true,
  "dependencies": {
    "@heymarco/media-breakpoint": {
      "version": "1.0.1",
      "resolved": "https://registry.npmjs.org/@heymarco/media-breakpoint/-/media-breakpoint-1.0.1.tgz",
      "integrity": "sha512-ritICWaJq2Xp52EBwpfFgFF6Gm0yq0LPEeekrmdVhBctnVld2tvrpdI+SMhvJdFl0m5abm8C7WW2aPcap+T3yg==",
      "requires": {
        "bootstrap": "^4.5.3"
      }
    },
    "@heymarco/scss-util": {
      "version": "1.0.0",
      "resolved": "https://registry.npmjs.org/@heymarco/scss-util/-/scss-util-1.0.0.tgz",
      "integrity": "sha512-4R7D32j9bixOOTFMhHi3DKo6ERbKDCRVtc4c3usqpU/FeR5sRVsDA0mg/fq73o54w5DVnRML/x2YvO/KTNKOFg=="
    },
    "bootstrap": {
      "version": "4.5.3",
      "resolved": "https://registry.npmjs.org/bootstrap/-/bootstrap-4.5.3.tgz",
      "integrity": "sha512-o9ppKQioXGqhw8Z7mah6KdTYpNQY//tipnkxppWhPbiSWdD+1raYsnhwEZjkTHYbGee4cVQ0Rx65EhOY/HNLcQ=="
    }
  }
}
